// !$*UTF8*$!
{
	archiveVersion = 1;
	classes = {
	};
	objectVersion = 46;
	objects = {

/* Begin PBXBuildFile section */
		AAF6285C1AAEED5000ADF45C /* AppDelegate.swift in Sources */ = {isa = PBXBuildFile; fileRef = AAF6285B1AAEED5000ADF45C /* AppDelegate.swift */; };
		AAF6285E1AAEED5000ADF45C /* ViewController.swift in Sources */ = {isa = PBXBuildFile; fileRef = AAF6285D1AAEED5000ADF45C /* ViewController.swift */; };
		AAF628611AAEED5000ADF45C /* Main.storyboard in Resources */ = {isa = PBXBuildFile; fileRef = AAF6285F1AAEED5000ADF45C /* Main.storyboard */; };
		AAF628631AAEED5000ADF45C /* Images.xcassets in Resources */ = {isa = PBXBuildFile; fileRef = AAF628621AAEED5000ADF45C /* Images.xcassets */; };
		AAF628661AAEED5000ADF45C /* LaunchScreen.xib in Resources */ = {isa = PBXBuildFile; fileRef = AAF628641AAEED5000ADF45C /* LaunchScreen.xib */; };
		AAF628721AAEED5000ADF45C /* SwiftDemoTests.swift in Sources */ = {isa = PBXBuildFile; fileRef = AAF628711AAEED5000ADF45C /* SwiftDemoTests.swift */; };
/* End PBXBuildFile section */

/* Begin PBXContainerItemProxy section */
		AAF6286C1AAEED5000ADF45C /* PBXContainerItemProxy */ = {
			isa = PBXContainerItemProxy;
			containerPortal = AAF6284E1AAEED5000ADF45C /* Project object */;
			proxyType = 1;
			remoteGlobalIDString = AAF628551AAEED5000ADF45C;
			remoteInfo = SwiftDemo;
		};
/* End PBXContainerItemProxy section */

/* Begin PBXFileReference section */
		AAF628561AAEED5000ADF45C /* SwiftDemo.app */ = {isa = PBXFileReference; explicitFileType = wrapper.application; includeInIndex = 0; path = SwiftDemo.app; sourceTree = BUILT_PRODUCTS_DIR; };
		AAF6285A1AAEED5000ADF45C /* Info.plist */ = {isa = PBXFileReference; lastKnownFileType = text.plist.xml; path = Info.plist; sourceTree = "<group>"; };
		AAF6285B1AAEED5000ADF45C /* AppDelegate.swift */ = {isa = PBXFileReference; lastKnownFileType = sourcecode.swift; path = AppDelegate.swift; sourceTree = "<group>"; };
		AAF6285D1AAEED5000ADF45C /* ViewController.swift */ = {isa = PBXFileReference; lastKnownFileType = sourcecode.swift; path = ViewController.swift; sourceTree = "<group>"; };
		AAF628601AAEED5000ADF45C /* Base */ = {isa = PBXFileReference; lastKnownFileType = file.storyboard; name = Base; path = Base.lproj/Main.storyboard; sourceTree = "<group>"; };
		AAF628621AAEED5000ADF45C /* Images.xcassets */ = {isa = PBXFileReference; lastKnownFileType = folder.assetcatalog; path = Images.xcassets; sourceTree = "<group>"; };
		AAF628651AAEED5000ADF45C /* Base */ = {isa = PBXFileReference; lastKnownFileType = file.xib; name = Base; path = Base.lproj/LaunchScreen.xib; sourceTree = "<group>"; };
		AAF6286B1AAEED5000ADF45C /* SwiftDemoTests.xctest */ = {isa = PBXFileReference; explicitFileType = wrapper.cfbundle; includeInIndex = 0; path = SwiftDemoTests.xctest; sourceTree = BUILT_PRODUCTS_DIR; };
		AAF628701AAEED5000ADF45C /* Info.plist */ = {isa = PBXFileReference; lastKnownFileType = text.plist.xml; path = Info.plist; sourceTree = "<group>"; };
		AAF628711AAEED5000ADF45C /* SwiftDemoTests.swift */ = {isa = PBXFileReference; lastKnownFileType = sourcecode.swift; path = SwiftDemoTests.swift; sourceTree = "<group>"; };
/* End PBXFileReference section */

/* Begin PBXFrameworksBuildPhase section */
		AAF628531AAEED5000ADF45C /* Frameworks */ = {
			isa = PBXFrameworksBuildPhase;
			buildActionMask = 2147483647;
			files = (
			);
			runOnlyForDeploymentPostprocessing = 0;
		};
		AAF628681AAEED5000ADF45C /* Frameworks */ = {
			isa = PBXFrameworksBuildPhase;
			buildActionMask = 2147483647;
			files = (
			);
			runOnlyForDeploymentPostprocessing = 0;
		};
/* End PBXFrameworksBuildPhase section */

/* Begin PBXGroup section */
		AAF6284D1AAEED5000ADF45C = {
			isa = PBXGroup;
			children = (
				AAF628581AAEED5000ADF45C /* SwiftDemo */,
				AAF6286E1AAEED5000ADF45C /* SwiftDemoTests */,
				AAF628571AAEED5000ADF45C /* Products */,
			);
			sourceTree = "<group>";
		};
		AAF628571AAEED5000ADF45C /* Products */ = {
			isa = PBXGroup;
			children = (
				AAF628561AAEED5000ADF45C /* SwiftDemo.app */,
				AAF6286B1AAEED5000ADF45C /* SwiftDemoTests.xctest */,
			);
			name = Products;
			sourceTree = "<group>";
		};
		AAF628581AAEED5000ADF45C /* SwiftDemo */ = {
			isa = PBXGroup;
			children = (
				AAF6285B1AAEED5000ADF45C /* AppDelegate.swift */,
				AAF6285D1AAEED5000ADF45C /* ViewController.swift */,
				AAF6285F1AAEED5000ADF45C /* Main.storyboard */,
				AAF628621AAEED5000ADF45C /* Images.xcassets */,
				AAF628641AAEED5000ADF45C /* LaunchScreen.xib */,
				AAF628591AAEED5000ADF45C /* Supporting Files */,
			);
			path = SwiftDemo;
			sourceTree = "<group>";
		};
		AAF628591AAEED5000ADF45C /* Supporting Files */ = {
			isa = PBXGroup;
			children = (
				AAF6285A1AAEED5000ADF45C /* Info.plist */,
			);
			name = "Supporting Files";
			sourceTree = "<group>";
		};
		AAF6286E1AAEED5000ADF45C /* SwiftDemoTests */ = {
			isa = PBXGroup;
			children = (
				AAF628711AAEED5000ADF45C /* SwiftDemoTests.swift */,
				AAF6286F1AAEED5000ADF45C /* Supporting Files */,
			);
			path = SwiftDemoTests;
			sourceTree = "<group>";
		};
		AAF6286F1AAEED5000ADF45C /* Supporting Files */ = {
			isa = PBXGroup;
			children = (
				AAF628701AAEED5000ADF45C /* Info.plist */,
			);
			name = "Supporting Files";
			sourceTree = "<group>";
		};
/* End PBXGroup section */

/* Begin PBXNativeTarget section */
		AAF628551AAEED5000ADF45C /* SwiftDemo */ = {
			isa = PBXNativeTarget;
			buildConfigurationList = AAF628751AAEED5000ADF45C /* Build configuration list for PBXNativeTarget "SwiftDemo" */;
			buildPhases = (
				AAF628521AAEED5000ADF45C /* Sources */,
				AAF628531AAEED5000ADF45C /* Frameworks */,
				AAF628541AAEED5000ADF45C /* Resources */,
			);
			buildRules = (
			);
			dependencies = (
			);
			name = SwiftDemo;
			productName = SwiftDemo;
			productReference = AAF628561AAEED5000ADF45C /* SwiftDemo.app */;
			productType = "com.apple.product-type.application";
		};
		AAF6286A1AAEED5000ADF45C /* SwiftDemoTests */ = {
			isa = PBXNativeTarget;
			buildConfigurationList = AAF628781AAEED5000ADF45C /* Build configuration list for PBXNativeTarget "SwiftDemoTests" */;
			buildPhases = (
				AAF628671AAEED5000ADF45C /* Sources */,
				AAF628681AAEED5000ADF45C /* Frameworks */,
				AAF628691AAEED5000ADF45C /* Resources */,
			);
			buildRules = (
			);
			dependencies = (
				AAF6286D1AAEED5000ADF45C /* PBXTargetDependency */,
			);
			name = SwiftDemoTests;
			productName = SwiftDemoTests;
			productReference = AAF6286B1AAEED5000ADF45C /* SwiftDemoTests.xctest */;
			productType = "com.apple.product-type.bundle.unit-test";
		};
/* End PBXNativeTarget section */

/* Begin PBXProject section */
		AAF6284E1AAEED5000ADF45C /* Project object */ = {
			isa = PBXProject;
			attributes = {
				LastUpgradeCheck = 0610;
				ORGANIZATIONNAME = _Name.im_;
				TargetAttributes = {
					AAF628551AAEED5000ADF45C = {
						CreatedOnToolsVersion = 6.1.1;
					};
					AAF6286A1AAEED5000ADF45C = {
						CreatedOnToolsVersion = 6.1.1;
						TestTargetID = AAF628551AAEED5000ADF45C;
					};
				};
			};
			buildConfigurationList = AAF628511AAEED5000ADF45C /* Build configuration list for PBXProject "SwiftDemo" */;
			compatibilityVersion = "Xcode 3.2";
			developmentRegion = English;
			hasScannedForEncodings = 0;
			knownRegions = (
				en,
				Base,
			);
			mainGroup = AAF6284D1AAEED5000ADF45C;
			productRefGroup = AAF628571AAEED5000ADF45C /* Products */;
			projectDirPath = "";
			projectRoot = "";
			targets = (
				AAF628551AAEED5000ADF45C /* SwiftDemo */,
				AAF6286A1AAEED5000ADF45C /* SwiftDemoTests */,
			);
		};
/* End PBXProject section */

/* Begin PBXResourcesBuildPhase section */
		AAF628541AAEED5000ADF45C /* Resources */ = {
			isa = PBXResourcesBuildPhase;
			buildActionMask = 2147483647;
			files = (
				AAF628611AAEED5000ADF45C /* Main.storyboard in Resources */,
				AAF628661AAEED5000ADF45C /* LaunchScreen.xib in Resources */,
				AAF628631AAEED5000ADF45C /* Images.xcassets in Resources */,
			);
			runOnlyForDeploymentPostprocessing = 0;
		};
		AAF628691AAEED5000ADF45C /* Resources */ = {
			isa = PBXResourcesBuildPhase;
			buildActionMask = 2147483647;
			files = (
			);
			runOnlyForDeploymentPostprocessing = 0;
		};
/* End PBXResourcesBuildPhase section */

/* Begin PBXSourcesBuildPhase section */
		AAF628521AAEED5000ADF45C /* Sources */ = {
			isa = PBXSourcesBuildPhase;
			buildActionMask = 2147483647;
			files = (
				AAF6285E1AAEED5000ADF45C /* ViewController.swift in Sources */,
				AAF6285C1AAEED5000ADF45C /* AppDelegate.swift in Sources */,
			);
			runOnlyForDeploymentPostprocessing = 0;
		};
		AAF628671AAEED5000ADF45C /* Sources */ = {
			isa = PBXSourcesBuildPhase;
			buildActionMask = 2147483647;
			files = (
				AAF628721AAEED5000ADF45C /* SwiftDemoTests.swift in Sources */,
			);
			runOnlyForDeploymentPostprocessing = 0;
		};
/* End PBXSourcesBuildPhase section */

/* Begin PBXTargetDependency section */
		AAF6286D1AAEED5000ADF45C /* PBXTargetDependency */ = {
			isa = PBXTargetDependency;
			target = AAF628551AAEED5000ADF45C /* SwiftDemo */;
			targetProxy = AAF6286C1AAEED5000ADF45C /* PBXContainerItemProxy */;
		};
/* End PBXTargetDependency section */

/* Begin PBXVariantGroup section */
		AAF6285F1AAEED5000ADF45C /* Main.storyboard */ = {
			isa = PBXVariantGroup;
			children = (
				AAF628601AAEED5000ADF45C /* Base */,
			);
			name = Main.storyboard;
			sourceTree = "<group>";
		};
		AAF628641AAEED5000ADF45C /* LaunchScreen.xib */ = {
			isa = PBXVariantGroup;
			children = (
				AAF628651AAEED5000ADF45C /* Base */,
			);
			name = LaunchScreen.xib;
			sourceTree = "<group>";
		};
/* End PBXVariantGroup section */

/* Begin XCBuildConfiguration section */
		AAF628731AAEED5000ADF45C /* Debug */ = {
			isa = XCBuildConfiguration;
			buildSettings = {
				ALWAYS_SEARCH_USER_PATHS = NO;
				CLANG_CXX_LANGUAGE_STANDARD = "gnu++0x";
				CLANG_CXX_LIBRARY = "libc++";
				CLANG_ENABLE_MODULES = YES;
				CLANG_ENABLE_OBJC_ARC = YES;
				CLANG_WARN_BOOL_CONVERSION = YES;
				CLANG_WARN_CONSTANT_CONVERSION = YES;
				CLANG_WARN_DIRECT_OBJC_ISA_USAGE = YES_ERROR;
				CLANG_WARN_EMPTY_BODY = YES;
				CLANG_WARN_ENUM_CONVERSION = YES;
				CLANG_WARN_INT_CONVERSION = YES;
				CLANG_WARN_OBJC_ROOT_CLASS = YES_ERROR;
				CLANG_WARN_UNREACHABLE_CODE = YES;
				CLANG_WARN__DUPLICATE_METHOD_MATCH = YES;
				"CODE_SIGN_IDENTITY[sdk=iphoneos*]" = "iPhone Developer";
				COPY_PHASE_STRIP = NO;
				ENABLE_STRICT_OBJC_MSGSEND = YES;
				GCC_C_LANGUAGE_STANDARD = gnu99;
				GCC_DYNAMIC_NO_PIC = NO;
				GCC_OPTIMIZATION_LEVEL = 0;
				GCC_PREPROCESSOR_DEFINITIONS = (
					"DEBUG=1",
					"$(inherited)",
				);
				GCC_SYMBOLS_PRIVATE_EXTERN = NO;
				GCC_WARN_64_TO_32_BIT_CONVERSION = YES;
				GCC_WARN_ABOUT_RETURN_TYPE = YES_ERROR;
				GCC_WARN_UNDECLARED_SELECTOR = YES;
				GCC_WARN_UNINITIALIZED_AUTOS = YES_AGGRESSIVE;
				GCC_WARN_UNUSED_FUNCTION = YES;
				GCC_WARN_UNUSED_VARIABLE = YES;
				IPHONEOS_DEPLOYMENT_TARGET = 8.1;
				MTL_ENABLE_DEBUG_INFO = YES;
				ONLY_ACTIVE_ARCH = YES;
				SDKROOT = iphoneos;
				SWIFT_OPTIMIZATION_LEVEL = "-Onone";
			};
			name = Debug;
		};
		AAF628741AAEED5000ADF45C /* Release */ = {
			isa = XCBuildConfiguration;
			buildSettings = {
				ALWAYS_SEARCH_USER_PATHS = NO;
				CLANG_CXX_LANGUAGE_STANDARD = "gnu++0x";
				CLANG_CXX_LIBRARY = "libc++";
				CLANG_ENABLE_MODULES = YES;
				CLANG_ENABLE_OBJC_ARC = YES;
				CLANG_WARN_BOOL_CONVERSION = YES;
				CLANG_WARN_CONSTANT_CONVERSION = YES;
				CLANG_WARN_DIRECT_OBJC_ISA_USAGE = YES_ERROR;
				CLANG_WARN_EMPTY_BODY = YES;
				CLANG_WARN_ENUM_CONVERSION = YES;
				CLANG_WARN_INT_CONVERSION = YES;
				CLANG_WARN_OBJC_ROOT_CLASS = YES_ERROR;
				CLANG_WARN_UNREACHABLE_CODE = YES;
				CLANG_WARN__DUPLICATE_METHOD_MATCH = YES;
				"CODE_SIGN_IDENTITY[sdk=iphoneos*]" = "iPhone Developer";
				COPY_PHASE_STRIP = YES;
				ENABLE_NS_ASSERTIONS = NO;
				ENABLE_STRICT_OBJC_MSGSEND = YES;
				GCC_C_LANGUAGE_STANDARD = gnu99;
				GCC_WARN_64_TO_32_BIT_CONVERSION = YES;
				GCC_WARN_ABOUT_RETURN_TYPE = YES_ERROR;
				GCC_WARN_UNDECLARED_SELECTOR = YES;
				GCC_WARN_UNINITIALIZED_AUTOS = YES_AGGRESSIVE;
				GCC_WARN_UNUSED_FUNCTION = YES;
				GCC_WARN_UNUSED_VARIABLE = YES;
				IPHONEOS_DEPLOYMENT_TARGET = 8.1;
				MTL_ENABLE_DEBUG_INFO = NO;
				SDKROOT = iphoneos;
				VALIDATE_PRODUCT = YES;
			};
			name = Release;
		};
		AAF628761AAEED5000ADF45C /* Debug */ = {
			isa = XCBuildConfiguration;
			buildSettings = {
				ASSETCATALOG_COMPILER_APPICON_NAME = AppIcon;
				INFOPLIST_FILE = SwiftDemo/Info.plist;
				LD_RUNPATH_SEARCH_PATHS = "$(inherited) @executable_path/Frameworks";
				PRODUCT_NAME = "$(TARGET_NAME)";
			};
			name = Debug;
		};
		AAF628771AAEED5000ADF45C /* Release */ = {
			isa = XCBuildConfiguration;
			buildSettings = {
				ASSETCATALOG_COMPILER_APPICON_NAME = AppIcon;
				INFOPLIST_FILE = SwiftDemo/Info.plist;
				LD_RUNPATH_SEARCH_PATHS = "$(inherited) @executable_path/Frameworks";
				PRODUCT_NAME = "$(TARGET_NAME)";
			};
			name = Release;
		};
		AAF628791AAEED5000ADF45C /* Debug */ = {
			isa = XCBuildConfiguration;
			buildSettings = {
				BUNDLE_LOADER = "$(TEST_HOST)";
				FRAMEWORK_SEARCH_PATHS = (
					"$(SDKROOT)/Developer/Library/Frameworks",
					"$(inherited)",
				);
				GCC_PREPROCESSOR_DEFINITIONS = (
					"DEBUG=1",
					"$(inherited)",
				);
				INFOPLIST_FILE = SwiftDemoTests/Info.plist;
				LD_RUNPATH_SEARCH_PATHS = "$(inherited) @executable_path/Frameworks @loader_path/Frameworks";
				PRODUCT_NAME = "$(TARGET_NAME)";
				TEST_HOST = "$(BUILT_PRODUCTS_DIR)/SwiftDemo.app/SwiftDemo";
			};
			name = Debug;
		};
		AAF6287A1AAEED5000ADF45C /* Release */ = {
			isa = XCBuildConfiguration;
			buildSettings = {
				BUNDLE_LOADER = "$(TEST_HOST)";
				FRAMEWORK_SEARCH_PATHS = (
					"$(SDKROOT)/Developer/Library/Frameworks",
					"$(inherited)",
				);
				INFOPLIST_FILE = SwiftDemoTests/Info.plist;
				LD_RUNPATH_SEARCH_PATHS = "$(inherited) @executable_path/Frameworks @loader_path/Frameworks";
				PRODUCT_NAME = "$(TARGET_NAME)";
				TEST_HOST = "$(BUILT_PRODUCTS_DIR)/SwiftDemo.app/SwiftDemo";
			};
			name = Release;
		};
/* End XCBuildConfiguration section */

/* Begin XCConfigurationList section */
		AAF628511AAEED5000ADF45C /* Build configuration list for PBXProject "SwiftDemo" */ = {
			isa = XCConfigurationList;
			buildConfigurations = (
				AAF628731AAEED5000ADF45C /* Debug */,
				AAF628741AAEED5000ADF45C /* Release */,
			);
			defaultConfigurationIsVisible = 0;
			defaultConfigurationName = Release;
		};
		AAF628751AAEED5000ADF45C /* Build configuration list for PBXNativeTarget "SwiftDemo" */ = {
			isa = XCConfigurationList;
			buildConfigurations = (
				AAF628761AAEED5000ADF45C /* Debug */,
				AAF628771AAEED5000ADF45C /* Release */,
			);
			defaultConfigurationIsVisible = 0;
		};
		AAF628781AAEED5000ADF45C /* Build configuration list for PBXNativeTarget "SwiftDemoTests" */ = {
			isa = XCConfigurationList;
			buildConfigurations = (
				AAF628791AAEED5000ADF45C /* Debug */,
				AAF6287A1AAEED5000ADF45C /* Release */,
			);
			defaultConfigurationIsVisible = 0;
		};
/* End XCConfigurationList section */
	};
	rootObject = AAF6284E1AAEED5000ADF45C /* Project object */;
}
